
Microsoft Visual Studio Solution File, Format Version 12.00
# Visual Studio Version 17
VisualStudioVersion = 17.7.34302.85
MinimumVisualStudioVersion = 10.0.40219.1
Project("{FAE04EC0-301F-11D3-BF4B-00C04F79EFBC}") = "CurrencyExchange", "CurrencyExchange.csproj", "{798D6920-49F6-49FB-9106-F16962C6EA7A}"
EndProject
Global
	GlobalSection(SolutionConfigurationPlatforms) = preSolution
		Debug|Any CPU = Debug|Any CPU
		Release|Any CPU = Release|Any CPU
	EndGlobalSection
	GlobalSection(ProjectConfigurationPlatforms) = postSolution
		{798D6920-49F6-49FB-9106-F16962C6EA7A}.Debug|Any CPU.ActiveCfg = Debug|Any CPU
		{798D6920-49F6-49FB-9106-F16962C6EA7A}.Debug|Any CPU.Build.0 = Debug|Any CPU
		{798D6920-49F6-49FB-9106-F16962C6EA7A}.Release|Any CPU.ActiveCfg = Release|Any CPU
		{798D6920-49F6-49FB-9106-F16962C6EA7A}.Release|Any CPU.Build.0 = Release|Any CPU
	EndGlobalSection
	GlobalSection(SolutionProperties) = preSolution
		HideSolutionNode = FALSE
	EndGlobalSection
	GlobalSection(ExtensibilityGlobals) = postSolution
		SolutionGuid = {50F8AB93-E5CF-445B-A245-599E71F94377}
	EndGlobalSection
EndGlobal
